// !$*UTF8*$!
{
	archiveVersion = 1;
	classes = {
	};
	objectVersion = 46;
	objects = {

/* Begin PBXBuildFile section */
		1163BCBF59048B56E70813AA /* Pods_DemoApp.framework in Frameworks */ = {isa = PBXBuildFile; fileRef = ACF86AC6942F5B52157B8ABD /* Pods_DemoApp.framework */; };
		E52A1C491F46B6600007F119 /* HomeViewController.swift in Sources */ = {isa = PBXBuildFile; fileRef = E52A1C481F46B6600007F119 /* HomeViewController.swift */; };
		E571B7121EE18A6A0046B3EE /* AppDelegate.swift in Sources */ = {isa = PBXBuildFile; fileRef = E571B7111EE18A6A0046B3EE /* AppDelegate.swift */; };
		E571B7171EE18A6B0046B3EE /* Main.storyboard in Resources */ = {isa = PBXBuildFile; fileRef = E571B7151EE18A6B0046B3EE /* Main.storyboard */; };
		E571B7191EE18A6B0046B3EE /* Assets.xcassets in Resources */ = {isa = PBXBuildFile; fileRef = E571B7181EE18A6B0046B3EE /* Assets.xcassets */; };
		E571B71C1EE18A6B0046B3EE /* LaunchScreen.storyboard in Resources */ = {isa = PBXBuildFile; fileRef = E571B71A1EE18A6B0046B3EE /* LaunchScreen.storyboard */; };
		E571B7271EE18A6C0046B3EE /* DemoAppUITests.swift in Sources */ = {isa = PBXBuildFile; fileRef = E571B7261EE18A6C0046B3EE /* DemoAppUITests.swift */; };
		EDAAF264F7DE151F197C6922 /* Pods_DemoAppUITests.framework in Frameworks */ = {isa = PBXBuildFile; fileRef = C18D31EC18F534798B5A14E5 /* Pods_DemoAppUITests.framework */; };
/* End PBXBuildFile section */

/* Begin PBXContainerItemProxy section */
		E571B7231EE18A6C0046B3EE /* PBXContainerItemProxy */ = {
			isa = PBXContainerItemProxy;
			containerPortal = E571B7061EE18A6A0046B3EE /* Project object */;
			proxyType = 1;
			remoteGlobalIDString = E571B70D1EE18A6A0046B3EE;
			remoteInfo = DemoApp;
		};
/* End PBXContainerItemProxy section */

/* Begin PBXFileReference section */
		3ACC584C8CFA00313E0FC38D /* Pods-DemoApp.debug.xcconfig */ = {isa = PBXFileReference; includeInIndex = 1; lastKnownFileType = text.xcconfig; name = "Pods-DemoApp.debug.xcconfig"; path = "Pods/Target Support Files/Pods-DemoApp/Pods-DemoApp.debug.xcconfig"; sourceTree = "<group>"; };
		ACF86AC6942F5B52157B8ABD /* Pods_DemoApp.framework */ = {isa = PBXFileReference; explicitFileType = wrapper.framework; includeInIndex = 0; path = Pods_DemoApp.framework; sourceTree = BUILT_PRODUCTS_DIR; };
		ADCE98CC85715263D7BB11D1 /* Pods-DemoApp.release.xcconfig */ = {isa = PBXFileReference; includeInIndex = 1; lastKnownFileType = text.xcconfig; name = "Pods-DemoApp.release.xcconfig"; path = "Pods/Target Support Files/Pods-DemoApp/Pods-DemoApp.release.xcconfig"; sourceTree = "<group>"; };
		AF735706CD3F30B1DC07449B /* Pods-DemoAppUITests.debug.xcconfig */ = {isa = PBXFileReference; includeInIndex = 1; lastKnownFileType = text.xcconfig; name = "Pods-DemoAppUITests.debug.xcconfig"; path = "Pods/Target Support Files/Pods-DemoAppUITests/Pods-DemoAppUITests.debug.xcconfig"; sourceTree = "<group>"; };
		C18D31EC18F534798B5A14E5 /* Pods_DemoAppUITests.framework */ = {isa = PBXFileReference; explicitFileType = wrapper.framework; includeInIndex = 0; path = Pods_DemoAppUITests.framework; sourceTree = BUILT_PRODUCTS_DIR; };
		E52A1C481F46B6600007F119 /* HomeViewController.swift */ = {isa = PBXFileReference; fileEncoding = 4; lastKnownFileType = sourcecode.swift; path = HomeViewController.swift; sourceTree = "<group>"; };
		E571B70E1EE18A6A0046B3EE /* DemoApp.app */ = {isa = PBXFileReference; explicitFileType = wrapper.application; includeInIndex = 0; path = DemoApp.app; sourceTree = BUILT_PRODUCTS_DIR; };
		E571B7111EE18A6A0046B3EE /* AppDelegate.swift */ = {isa = PBXFileReference; lastKnownFileType = sourcecode.swift; path = AppDelegate.swift; sourceTree = "<group>"; };
		E571B7161EE18A6B0046B3EE /* Base */ = {isa = PBXFileReference; lastKnownFileType = file.storyboard; name = Base; path = Base.lproj/Main.storyboard; sourceTree = "<group>"; };
		E571B7181EE18A6B0046B3EE /* Assets.xcassets */ = {isa = PBXFileReference; lastKnownFileType = folder.assetcatalog; path = Assets.xcassets; sourceTree = "<group>"; };
		E571B71B1EE18A6B0046B3EE /* Base */ = {isa = PBXFileReference; lastKnownFileType = file.storyboard; name = Base; path = Base.lproj/LaunchScreen.storyboard; sourceTree = "<group>"; };
		E571B71D1EE18A6B0046B3EE /* Info.plist */ = {isa = PBXFileReference; lastKnownFileType = text.plist.xml; path = Info.plist; sourceTree = "<group>"; };
		E571B7221EE18A6C0046B3EE /* DemoAppUITests.xctest */ = {isa = PBXFileReference; explicitFileType = wrapper.cfbundle; includeInIndex = 0; path = DemoAppUITests.xctest; sourceTree = BUILT_PRODUCTS_DIR; };
		E571B7261EE18A6C0046B3EE /* DemoAppUITests.swift */ = {isa = PBXFileReference; lastKnownFileType = sourcecode.swift; path = DemoAppUITests.swift; sourceTree = "<group>"; };
		E571B7281EE18A6C0046B3EE /* Info.plist */ = {isa = PBXFileReference; lastKnownFileType = text.plist.xml; path = Info.plist; sourceTree = "<group>"; };
		FDD89EF1338901B24BB661F6 /* Pods-DemoAppUITests.release.xcconfig */ = {isa = PBXFileReference; includeInIndex = 1; lastKnownFileType = text.xcconfig; name = "Pods-DemoAppUITests.release.xcconfig"; path = "Pods/Target Support Files/Pods-DemoAppUITests/Pods-DemoAppUITests.release.xcconfig"; sourceTree = "<group>"; };
/* End PBXFileReference section */

/* Begin PBXFrameworksBuildPhase section */
		E571B70B1EE18A6A0046B3EE /* Frameworks */ = {
			isa = PBXFrameworksBuildPhase;
			buildActionMask = 2147483647;
			files = (
				1163BCBF59048B56E70813AA /* Pods_DemoApp.framework in Frameworks */,
			);
			runOnlyForDeploymentPostprocessing = 0;
		};
		E571B71F1EE18A6C0046B3EE /* Frameworks */ = {
			isa = PBXFrameworksBuildPhase;
			buildActionMask = 2147483647;
			files = (
				EDAAF264F7DE151F197C6922 /* Pods_DemoAppUITests.framework in Frameworks */,
			);
			runOnlyForDeploymentPostprocessing = 0;
		};
/* End PBXFrameworksBuildPhase section */

/* Begin PBXGroup section */
		8F219C4CDBB86775D20304A3 /* Frameworks */ = {
			isa = PBXGroup;
			children = (
				ACF86AC6942F5B52157B8ABD /* Pods_DemoApp.framework */,
				C18D31EC18F534798B5A14E5 /* Pods_DemoAppUITests.framework */,
			);
			name = Frameworks;
			sourceTree = "<group>";
		};
		A67057C6B73BB1C49DACE9CD /* Pods */ = {
			isa = PBXGroup;
			children = (
				3ACC584C8CFA00313E0FC38D /* Pods-DemoApp.debug.xcconfig */,
				ADCE98CC85715263D7BB11D1 /* Pods-DemoApp.release.xcconfig */,
				AF735706CD3F30B1DC07449B /* Pods-DemoAppUITests.debug.xcconfig */,
				FDD89EF1338901B24BB661F6 /* Pods-DemoAppUITests.release.xcconfig */,
			);
			name = Pods;
			sourceTree = "<group>";
		};
		E571B7051EE18A6A0046B3EE = {
			isa = PBXGroup;
			children = (
				E571B7101EE18A6A0046B3EE /* DemoApp */,
				E571B7251EE18A6C0046B3EE /* DemoAppUITests */,
				E571B70F1EE18A6A0046B3EE /* Products */,
				A67057C6B73BB1C49DACE9CD /* Pods */,
				8F219C4CDBB86775D20304A3 /* Frameworks */,
			);
			sourceTree = "<group>";
		};
		E571B70F1EE18A6A0046B3EE /* Products */ = {
			isa = PBXGroup;
			children = (
				E571B70E1EE18A6A0046B3EE /* DemoApp.app */,
				E571B7221EE18A6C0046B3EE /* DemoAppUITests.xctest */,
			);
			name = Products;
			sourceTree = "<group>";
		};
		E571B7101EE18A6A0046B3EE /* DemoApp */ = {
			isa = PBXGroup;
			children = (
				E571B7111EE18A6A0046B3EE /* AppDelegate.swift */,
				E52A1C481F46B6600007F119 /* HomeViewController.swift */,
				E571B7151EE18A6B0046B3EE /* Main.storyboard */,
				E571B7181EE18A6B0046B3EE /* Assets.xcassets */,
				E571B71A1EE18A6B0046B3EE /* LaunchScreen.storyboard */,
				E571B71D1EE18A6B0046B3EE /* Info.plist */,
			);
			path = DemoApp;
			sourceTree = "<group>";
		};
		E571B7251EE18A6C0046B3EE /* DemoAppUITests */ = {
			isa = PBXGroup;
			children = (
				E571B7261EE18A6C0046B3EE /* DemoAppUITests.swift */,
				E571B7281EE18A6C0046B3EE /* Info.plist */,
			);
			path = DemoAppUITests;
			sourceTree = "<group>";
		};
/* End PBXGroup section */

/* Begin PBXNativeTarget section */
		E571B70D1EE18A6A0046B3EE /* DemoApp */ = {
			isa = PBXNativeTarget;
			buildConfigurationList = E571B72B1EE18A6C0046B3EE /* Build configuration list for PBXNativeTarget "DemoApp" */;
			buildPhases = (
				B7161A30C323A00C199F0A77 /* [CP] Check Pods Manifest.lock */,
				E571B70A1EE18A6A0046B3EE /* Sources */,
				E571B70B1EE18A6A0046B3EE /* Frameworks */,
				E571B70C1EE18A6A0046B3EE /* Resources */,
				B5817EB31FF53C734CD302D3 /* [CP] Embed Pods Frameworks */,
				C4FB486DBE6D4A4A421604AA /* [CP] Copy Pods Resources */,
			);
			buildRules = (
			);
			dependencies = (
			);
			name = DemoApp;
			productName = DemoApp;
			productReference = E571B70E1EE18A6A0046B3EE /* DemoApp.app */;
			productType = "com.apple.product-type.application";
		};
		E571B7211EE18A6C0046B3EE /* DemoAppUITests */ = {
			isa = PBXNativeTarget;
			buildConfigurationList = E571B72E1EE18A6C0046B3EE /* Build configuration list for PBXNativeTarget "DemoAppUITests" */;
			buildPhases = (
				D079EFDC6F1DA075A923A31B /* [CP] Check Pods Manifest.lock */,
				E571B71E1EE18A6C0046B3EE /* Sources */,
				E571B71F1EE18A6C0046B3EE /* Frameworks */,
				E571B7201EE18A6C0046B3EE /* Resources */,
				B1C35660C77967D070F41848 /* [CP] Embed Pods Frameworks */,
				2A9FA4AD06CF5E3BB665E33B /* [CP] Copy Pods Resources */,
			);
			buildRules = (
			);
			dependencies = (
				E571B7241EE18A6C0046B3EE /* PBXTargetDependency */,
			);
			name = DemoAppUITests;
			productName = DemoAppUITests;
			productReference = E571B7221EE18A6C0046B3EE /* DemoAppUITests.xctest */;
			productType = "com.apple.product-type.bundle.ui-testing";
		};
/* End PBXNativeTarget section */

/* Begin PBXProject section */
		E571B7061EE18A6A0046B3EE /* Project object */ = {
			isa = PBXProject;
			attributes = {
				LastSwiftUpdateCheck = 0820;
				LastUpgradeCheck = 0820;
				ORGANIZATIONNAME = MGI;
				TargetAttributes = {
					E571B70D1EE18A6A0046B3EE = {
						CreatedOnToolsVersion = 8.2;
						DevelopmentTeam = J595H8WK29;
						ProvisioningStyle = Automatic;
					};
					E571B7211EE18A6C0046B3EE = {
						CreatedOnToolsVersion = 8.2;
						DevelopmentTeam = J595H8WK29;
						ProvisioningStyle = Automatic;
						TestTargetID = E571B70D1EE18A6A0046B3EE;
					};
				};
			};
			buildConfigurationList = E571B7091EE18A6A0046B3EE /* Build configuration list for PBXProject "DemoApp" */;
			compatibilityVersion = "Xcode 3.2";
			developmentRegion = English;
			hasScannedForEncodings = 0;
			knownRegions = (
				en,
				Base,
			);
			mainGroup = E571B7051EE18A6A0046B3EE;
			productRefGroup = E571B70F1EE18A6A0046B3EE /* Products */;
			projectDirPath = "";
			projectRoot = "";
			targets = (
				E571B70D1EE18A6A0046B3EE /* DemoApp */,
				E571B7211EE18A6C0046B3EE /* DemoAppUITests */,
			);
		};
/* End PBXProject section */

/* Begin PBXResourcesBuildPhase section */
		E571B70C1EE18A6A0046B3EE /* Resources */ = {
			isa = PBXResourcesBuildPhase;
			buildActionMask = 2147483647;
			files = (
				E571B71C1EE18A6B0046B3EE /* LaunchScreen.storyboard in Resources */,
				E571B7191EE18A6B0046B3EE /* Assets.xcassets in Resources */,
				E571B7171EE18A6B0046B3EE /* Main.storyboard in Resources */,
			);
			runOnlyForDeploymentPostprocessing = 0;
		};
		E571B7201EE18A6C0046B3EE /* Resources */ = {
			isa = PBXResourcesBuildPhase;
			buildActionMask = 2147483647;
			files = (
			);
			runOnlyForDeploymentPostprocessing = 0;
		};
/* End PBXResourcesBuildPhase section */

/* Begin PBXShellScriptBuildPhase section */
		2A9FA4AD06CF5E3BB665E33B /* [CP] Copy Pods Resources */ = {
			isa = PBXShellScriptBuildPhase;
			buildActionMask = 2147483647;
			files = (
			);
			inputPaths = (
			);
			name = "[CP] Copy Pods Resources";
			outputPaths = (
			);
			runOnlyForDeploymentPostprocessing = 0;
			shellPath = /bin/sh;
			shellScript = "\"${SRCROOT}/Pods/Target Support Files/Pods-DemoAppUITests/Pods-DemoAppUITests-resources.sh\"\n";
			showEnvVarsInLog = 0;
		};
		B1C35660C77967D070F41848 /* [CP] Embed Pods Frameworks */ = {
			isa = PBXShellScriptBuildPhase;
			buildActionMask = 2147483647;
			files = (
			);
			inputPaths = (
			);
			name = "[CP] Embed Pods Frameworks";
			outputPaths = (
			);
			runOnlyForDeploymentPostprocessing = 0;
			shellPath = /bin/sh;
			shellScript = "\"${SRCROOT}/Pods/Target Support Files/Pods-DemoAppUITests/Pods-DemoAppUITests-frameworks.sh\"\n";
			showEnvVarsInLog = 0;
		};
		B5817EB31FF53C734CD302D3 /* [CP] Embed Pods Frameworks */ = {
			isa = PBXShellScriptBuildPhase;
			buildActionMask = 2147483647;
			files = (
			);
			inputPaths = (
			);
			name = "[CP] Embed Pods Frameworks";
			outputPaths = (
			);
			runOnlyForDeploymentPostprocessing = 0;
			shellPath = /bin/sh;
			shellScript = "\"${SRCROOT}/Pods/Target Support Files/Pods-DemoApp/Pods-DemoApp-frameworks.sh\"\n";
			showEnvVarsInLog = 0;
		};
		B7161A30C323A00C199F0A77 /* [CP] Check Pods Manifest.lock */ = {
			isa = PBXShellScriptBuildPhase;
			buildActionMask = 2147483647;
			files = (
			);
			inputPaths = (
			);
			name = "[CP] Check Pods Manifest.lock";
			outputPaths = (
			);
			runOnlyForDeploymentPostprocessing = 0;
			shellPath = /bin/sh;
			shellScript = "diff \"${PODS_PODFILE_DIR_PATH}/Podfile.lock\" \"${PODS_ROOT}/Manifest.lock\" > /dev/null\nif [ $? != 0 ] ; then\n    # print error to STDERR\n    echo \"error: The sandbox is not in sync with the Podfile.lock. Run 'pod install' or update your CocoaPods installation.\" >&2\n    exit 1\nfi\n";
			showEnvVarsInLog = 0;
		};
		C4FB486DBE6D4A4A421604AA /* [CP] Copy Pods Resources */ = {
			isa = PBXShellScriptBuildPhase;
			buildActionMask = 2147483647;
			files = (
			);
			inputPaths = (
			);
			name = "[CP] Copy Pods Resources";
			outputPaths = (
			);
			runOnlyForDeploymentPostprocessing = 0;
			shellPath = /bin/sh;
			shellScript = "\"${SRCROOT}/Pods/Target Support Files/Pods-DemoApp/Pods-DemoApp-resources.sh\"\n";
			showEnvVarsInLog = 0;
		};
		D079EFDC6F1DA075A923A31B /* [CP] Check Pods Manifest.lock */ = {
			isa = PBXShellScriptBuildPhase;
			buildActionMask = 2147483647;
			files = (
			);
			inputPaths = (
			);
			name = "[CP] Check Pods Manifest.lock";
			outputPaths = (
			);
			runOnlyForDeploymentPostprocessing = 0;
			shellPath = /bin/sh;
			shellScript = "diff \"${PODS_PODFILE_DIR_PATH}/Podfile.lock\" \"${PODS_ROOT}/Manifest.lock\" > /dev/null\nif [ $? != 0 ] ; then\n    # print error to STDERR\n    echo \"error: The sandbox is not in sync with the Podfile.lock. Run 'pod install' or update your CocoaPods installation.\" >&2\n    exit 1\nfi\n";
			showEnvVarsInLog = 0;
		};
/* End PBXShellScriptBuildPhase section */

/* Begin PBXSourcesBuildPhase section */
		E571B70A1EE18A6A0046B3EE /* Sources */ = {
			isa = PBXSourcesBuildPhase;
			buildActionMask = 2147483647;
			files = (
				E571B7121EE18A6A0046B3EE /* AppDelegate.swift in Sources */,
				E52A1C491F46B6600007F119 /* HomeViewController.swift in Sources */,
			);
			runOnlyForDeploymentPostprocessing = 0;
		};
		E571B71E1EE18A6C0046B3EE /* Sources */ = {
			isa = PBXSourcesBuildPhase;
			buildActionMask = 2147483647;
			files = (
				E571B7271EE18A6C0046B3EE /* DemoAppUITests.swift in Sources */,
			);
			runOnlyForDeploymentPostprocessing = 0;
		};
/* End PBXSourcesBuildPhase section */

/* Begin PBXTargetDependency section */
		E571B7241EE18A6C0046B3EE /* PBXTargetDependency */ = {
			isa = PBXTargetDependency;
			target = E571B70D1EE18A6A0046B3EE /* DemoApp */;
			targetProxy = E571B7231EE18A6C0046B3EE /* PBXContainerItemProxy */;
		};
/* End PBXTargetDependency section */

/* Begin PBXVariantGroup section */
		E571B7151EE18A6B0046B3EE /* Main.storyboard */ = {
			isa = PBXVariantGroup;
			children = (
				E571B7161EE18A6B0046B3EE /* Base */,
			);
			name = Main.storyboard;
			sourceTree = "<group>";
		};
		E571B71A1EE18A6B0046B3EE /* LaunchScreen.storyboard */ = {
			isa = PBXVariantGroup;
			children = (
				E571B71B1EE18A6B0046B3EE /* Base */,
			);
			name = LaunchScreen.storyboard;
			sourceTree = "<group>";
		};
/* End PBXVariantGroup section */

/* Begin XCBuildConfiguration section */
		E571B7291EE18A6C0046B3EE /* Debug */ = {
			isa = XCBuildConfiguration;
			buildSettings = {
				ALWAYS_SEARCH_USER_PATHS = NO;
				CLANG_ANALYZER_NONNULL = YES;
				CLANG_CXX_LANGUAGE_STANDARD = "gnu++0x";
				CLANG_CXX_LIBRARY = "libc++";
				CLANG_ENABLE_MODULES = YES;
				CLANG_ENABLE_OBJC_ARC = YES;
				CLANG_WARN_BOOL_CONVERSION = YES;
				CLANG_WARN_CONSTANT_CONVERSION = YES;
				CLANG_WARN_DIRECT_OBJC_ISA_USAGE = YES_ERROR;
				CLANG_WARN_DOCUMENTATION_COMMENTS = YES;
				CLANG_WARN_EMPTY_BODY = YES;
				CLANG_WARN_ENUM_CONVERSION = YES;
				CLANG_WARN_INFINITE_RECURSION = YES;
				CLANG_WARN_INT_CONVERSION = YES;
				CLANG_WARN_OBJC_ROOT_CLASS = YES_ERROR;
				CLANG_WARN_SUSPICIOUS_MOVE = YES;
				CLANG_WARN_UNREACHABLE_CODE = YES;
				CLANG_WARN__DUPLICATE_METHOD_MATCH = YES;
				"CODE_SIGN_IDENTITY[sdk=iphoneos*]" = "iPhone Developer";
				COPY_PHASE_STRIP = NO;
				DEBUG_INFORMATION_FORMAT = dwarf;
				ENABLE_STRICT_OBJC_MSGSEND = YES;
				ENABLE_TESTABILITY = YES;
				GCC_C_LANGUAGE_STANDARD = gnu99;
				GCC_DYNAMIC_NO_PIC = NO;
				GCC_NO_COMMON_BLOCKS = YES;
				GCC_OPTIMIZATION_LEVEL = 0;
				GCC_PREPROCESSOR_DEFINITIONS = (
					"DEBUG=1",
					"$(inherited)",
				);
				GCC_WARN_64_TO_32_BIT_CONVERSION = YES;
				GCC_WARN_ABOUT_RETURN_TYPE = YES_ERROR;
				GCC_WARN_UNDECLARED_SELECTOR = YES;
				GCC_WARN_UNINITIALIZED_AUTOS = YES_AGGRESSIVE;
				GCC_WARN_UNUSED_FUNCTION = YES;
				GCC_WARN_UNUSED_VARIABLE = YES;
				IPHONEOS_DEPLOYMENT_TARGET = 10.2;
				MTL_ENABLE_DEBUG_INFO = YES;
				ONLY_ACTIVE_ARCH = YES;
				SDKROOT = iphoneos;
				SWIFT_ACTIVE_COMPILATION_CONDITIONS = DEBUG;
				SWIFT_OPTIMIZATION_LEVEL = "-Onone";
				TARGETED_DEVICE_FAMILY = "1,2";
			};
			name = Debug;
		};
		E571B72A1EE18A6C0046B3EE /* Release */ = {
			isa = XCBuildConfiguration;
			buildSettings = {
				ALWAYS_SEARCH_USER_PATHS = NO;
				CLANG_ANALYZER_NONNULL = YES;
				CLANG_CXX_LANGUAGE_STANDARD = "gnu++0x";
				CLANG_CXX_LIBRARY = "libc++";
				CLANG_ENABLE_MODULES = YES;
				CLANG_ENABLE_OBJC_ARC = YES;
				CLANG_WARN_BOOL_CONVERSION = YES;
				CLANG_WARN_CONSTANT_CONVERSION = YES;
				CLANG_WARN_DIRECT_OBJC_ISA_USAGE = YES_ERROR;
				CLANG_WARN_DOCUMENTATION_COMMENTS = YES;
				CLANG_WARN_EMPTY_BODY = YES;
				CLANG_WARN_ENUM_CONVERSION = YES;
				CLANG_WARN_INFINITE_RECURSION = YES;
				CLANG_WARN_INT_CONVERSION = YES;
				CLANG_WARN_OBJC_ROOT_CLASS = YES_ERROR;
				CLANG_WARN_SUSPICIOUS_MOVE = YES;
				CLANG_WARN_UNREACHABLE_CODE = YES;
				CLANG_WARN__DUPLICATE_METHOD_MATCH = YES;
				"CODE_SIGN_IDENTITY[sdk=iphoneos*]" = "iPhone Developer";
				COPY_PHASE_STRIP = NO;
				DEBUG_INFORMATION_FORMAT = "dwarf-with-dsym";
				ENABLE_NS_ASSERTIONS = NO;
				ENABLE_STRICT_OBJC_MSGSEND = YES;
				GCC_C_LANGUAGE_STANDARD = gnu99;
				GCC_NO_COMMON_BLOCKS = YES;
				GCC_WARN_64_TO_32_BIT_CONVERSION = YES;
				GCC_WARN_ABOUT_RETURN_TYPE = YES_ERROR;
				GCC_WARN_UNDECLARED_SELECTOR = YES;
				GCC_WARN_UNINITIALIZED_AUTOS = YES_AGGRESSIVE;
				GCC_WARN_UNUSED_FUNCTION = YES;
				GCC_WARN_UNUSED_VARIABLE = YES;
				IPHONEOS_DEPLOYMENT_TARGET = 10.2;
				MTL_ENABLE_DEBUG_INFO = NO;
				SDKROOT = iphoneos;
				SWIFT_OPTIMIZATION_LEVEL = "-Owholemodule";
				TARGETED_DEVICE_FAMILY = "1,2";
				VALIDATE_PRODUCT = YES;
			};
			name = Release;
		};
		E571B72C1EE18A6C0046B3EE /* Debug */ = {
			isa = XCBuildConfiguration;
			baseConfigurationReference = 3ACC584C8CFA00313E0FC38D /* Pods-DemoApp.debug.xcconfig */;
			buildSettings = {
				ASSETCATALOG_COMPILER_APPICON_NAME = AppIcon;
				DEVELOPMENT_TEAM = J595H8WK29;
				INFOPLIST_FILE = DemoApp/Info.plist;
				LD_RUNPATH_SEARCH_PATHS = "$(inherited) @executable_path/Frameworks";
				PRODUCT_BUNDLE_IDENTIFIER = MGI.DemoApp;
				PRODUCT_NAME = "$(TARGET_NAME)";
				SWIFT_VERSION = 3.0;
			};
			name = Debug;
		};
		E571B72D1EE18A6C0046B3EE /* Release */ = {
			isa = XCBuildConfiguration;
			baseConfigurationReference = ADCE98CC85715263D7BB11D1 /* Pods-DemoApp.release.xcconfig */;
			buildSettings = {
				ASSETCATALOG_COMPILER_APPICON_NAME = AppIcon;
				DEVELOPMENT_TEAM = J595H8WK29;
				INFOPLIST_FILE = DemoApp/Info.plist;
				LD_RUNPATH_SEARCH_PATHS = "$(inherited) @executable_path/Frameworks";
				PRODUCT_BUNDLE_IDENTIFIER = MGI.DemoApp;
				PRODUCT_NAME = "$(TARGET_NAME)";
				SWIFT_VERSION = 3.0;
			};
			name = Release;
		};
		E571B72F1EE18A6C0046B3EE /* Debug */ = {
			isa = XCBuildConfiguration;
			baseConfigurationReference = AF735706CD3F30B1DC07449B /* Pods-DemoAppUITests.debug.xcconfig */;
			buildSettings = {
				ALWAYS_EMBED_SWIFT_STANDARD_LIBRARIES = YES;
				DEVELOPMENT_TEAM = J595H8WK29;
				INFOPLIST_FILE = DemoAppUITests/Info.plist;
				LD_RUNPATH_SEARCH_PATHS = "$(inherited) @executable_path/Frameworks @loader_path/Frameworks";
				PRODUCT_BUNDLE_IDENTIFIER = MGI.DemoAppUITests;
				PRODUCT_NAME = "$(TARGET_NAME)";
				SWIFT_VERSION = 3.0;
				TEST_TARGET_NAME = DemoApp;
			};
			name = Debug;
		};
		E571B7301EE18A6C0046B3EE /* Release */ = {
			isa = XCBuildConfiguration;
			baseConfigurationReference = FDD89EF1338901B24BB661F6 /* Pods-DemoAppUITests.release.xcconfig */;
			buildSettings = {
				ALWAYS_EMBED_SWIFT_STANDARD_LIBRARIES = YES;
				DEVELOPMENT_TEAM = J595H8WK29;
				INFOPLIST_FILE = DemoAppUITests/Info.plist;
				LD_RUNPATH_SEARCH_PATHS = "$(inherited) @executable_path/Frameworks @loader_path/Frameworks";
				PRODUCT_BUNDLE_IDENTIFIER = MGI.DemoAppUITests;
				PRODUCT_NAME = "$(TARGET_NAME)";
				SWIFT_VERSION = 3.0;
				TEST_TARGET_NAME = DemoApp;
			};
			name = Release;
		};
/* End XCBuildConfiguration section */

/* Begin XCConfigurationList section */
		E571B7091EE18A6A0046B3EE /* Build configuration list for PBXProject "DemoApp" */ = {
			isa = XCConfigurationList;
			buildConfigurations = (
				E571B7291EE18A6C0046B3EE /* Debug */,
				E571B72A1EE18A6C0046B3EE /* Release */,
			);
			defaultConfigurationIsVisible = 0;
			defaultConfigurationName = Release;
		};
		E571B72B1EE18A6C0046B3EE /* Build configuration list for PBXNativeTarget "DemoApp" */ = {
			isa = XCConfigurationList;
			buildConfigurations = (
				E571B72C1EE18A6C0046B3EE /* Debug */,
				E571B72D1EE18A6C0046B3EE /* Release */,
			);
			defaultConfigurationIsVisible = 0;
			defaultConfigurationName = Release;
		};
		E571B72E1EE18A6C0046B3EE /* Build configuration list for PBXNativeTarget "DemoAppUITests" */ = {
			isa = XCConfigurationList;
			buildConfigurations = (
				E571B72F1EE18A6C0046B3EE /* Debug */,
				E571B7301EE18A6C0046B3EE /* Release */,
			);
			defaultConfigurationIsVisible = 0;
			defaultConfigurationName = Release;
		};
/* End XCConfigurationList section */
	};
	rootObject = E571B7061EE18A6A0046B3EE /* Project object */;
}
